Microsoft Visual Studio Solution File, Format Version 12.00
# Visual Studio Version 17
VisualStudioVersion = 17.5.2.0
MinimumVisualStudioVersion = 10.0.40219.1
Project("{FAE04EC0-301F-11D3-BF4B-00C04F79EFBC}") = "AstraArchive", "AstraArchive.csproj", "{ACD17226-D12E-838C-56F8-33FF958E1E5D}"
EndProject
Global
	GlobalSection(SolutionConfigurationPlatforms) = preSolution
		Debug|Any CPU = Debug|Any CPU
		Release|Any CPU = Release|Any CPU
	EndGlobalSection
	GlobalSection(ProjectConfigurationPlatforms) = postSolution
		{ACD17226-D12E-838C-56F8-33FF958E1E5D}.Debug|Any CPU.ActiveCfg = Debug|Any CPU
		{ACD17226-D12E-838C-56F8-33FF958E1E5D}.Debug|Any CPU.Build.0 = Debug|Any CPU
		{ACD17226-D12E-838C-56F8-33FF958E1E5D}.Release|Any CPU.ActiveCfg = Release|Any CPU
		{ACD17226-D12E-838C-56F8-33FF958E1E5D}.Release|Any CPU.Build.0 = Release|Any CPU
	EndGlobalSection
	GlobalSection(SolutionProperties) = preSolution
		HideSolutionNode = FALSE
	EndGlobalSection
	GlobalSection(ExtensibilityGlobals) = postSolution
		SolutionGuid = {F9FAA538-5EBB-4EA0-9E97-D4177815C9E8}
	EndGlobalSection
EndGlobal
